
Microsoft Visual Studio Solution File, Format Version 12.00
# Visual Studio Version 17
VisualStudioVersion = 17.7.34009.444
MinimumVisualStudioVersion = 10.0.40219.1
Project("{FAE04EC0-301F-11D3-BF4B-00C04F79EFBC}") = "MVPDev", "MVPDev\MVPDev.csproj", "{58333A95-C030-41B5-B324-DCF274650FAA}"
EndProject
Global
	GlobalSection(SolutionConfigurationPlatforms) = preSolution
		Debug|Any CPU = Debug|Any CPU
		Release|Any CPU = Release|Any CPU
	EndGlobalSection
	GlobalSection(ProjectConfigurationPlatforms) = postSolution
		{58333A95-C030-41B5-B324-DCF274650FAA}.Debug|Any CPU.ActiveCfg = Debug|Any CPU
		{58333A95-C030-41B5-B324-DCF274650FAA}.Debug|Any CPU.Build.0 = Debug|Any CPU
		{58333A95-C030-41B5-B324-DCF274650FAA}.Release|Any CPU.ActiveCfg = Release|Any CPU
		{58333A95-C030-41B5-B324-DCF274650FAA}.Release|Any CPU.Build.0 = Release|Any CPU
	EndGlobalSection
	GlobalSection(SolutionProperties) = preSolution
		HideSolutionNode = FALSE
	EndGlobalSection
	GlobalSection(ExtensibilityGlobals) = postSolution
		SolutionGuid = {21C12C47-3C21-4F1A-BB2A-6537F6390678}
	EndGlobalSection
EndGlobal
